
Microsoft Visual Studio Solution File, Format Version 12.00
# Visual Studio Version 17
VisualStudioVersion = 17.9.34607.119
MinimumVisualStudioVersion = 10.0.40219.1
Project("{FAE04EC0-301F-11D3-BF4B-00C04F79EFBC}") = "OOPSConcepts", "OOPSConcepts\OOPSConcepts.csproj", "{B4FB0DAB-D0B9-40ED-91A5-16F88D99D4CB}"
EndProject
Global
	GlobalSection(SolutionConfigurationPlatforms) = preSolution
		Debug|Any CPU = Debug|Any CPU
		Release|Any CPU = Release|Any CPU
	EndGlobalSection
	GlobalSection(ProjectConfigurationPlatforms) = postSolution
		{B4FB0DAB-D0B9-40ED-91A5-16F88D99D4CB}.Debug|Any CPU.ActiveCfg = Debug|Any CPU
		{B4FB0DAB-D0B9-40ED-91A5-16F88D99D4CB}.Debug|Any CPU.Build.0 = Debug|Any CPU
		{B4FB0DAB-D0B9-40ED-91A5-16F88D99D4CB}.Release|Any CPU.ActiveCfg = Release|Any CPU
		{B4FB0DAB-D0B9-40ED-91A5-16F88D99D4CB}.Release|Any CPU.Build.0 = Release|Any CPU
	EndGlobalSection
	GlobalSection(SolutionProperties) = preSolution
		HideSolutionNode = FALSE
	EndGlobalSection
	GlobalSection(ExtensibilityGlobals) = postSolution
		SolutionGuid = {159A24C2-56B2-4644-B5E0-568CC5B9CB7F}
	EndGlobalSection
EndGlobal
